
Microsoft Visual Studio Solution File, Format Version 12.00
# Visual Studio Version 17
VisualStudioVersion = 17.5.002.0
MinimumVisualStudioVersion = 10.0.40219.1
Project("{2150E333-8FDC-42A3-9474-1A3956D46DE8}") = "backend", "backend", "{B5CE4697-11E7-4122-9A15-818016B65BF7}"
EndProject
Project("{9A19103F-16F7-4668-BE54-9A1E7A4F7556}") = "Mission11_Taylor.API", "backend\BookStore.API\Mission11_Taylor.API.csproj", "{30944186-9130-4EFF-919F-BFA9B1AAB352}"
EndProject
Global
	GlobalSection(SolutionConfigurationPlatforms) = preSolution
		Debug|Any CPU = Debug|Any CPU
		Release|Any CPU = Release|Any CPU
	EndGlobalSection
	GlobalSection(ProjectConfigurationPlatforms) = postSolution
		{30944186-9130-4EFF-919F-BFA9B1AAB352}.Debug|Any CPU.ActiveCfg = Debug|Any CPU
		{30944186-9130-4EFF-919F-BFA9B1AAB352}.Debug|Any CPU.Build.0 = Debug|Any CPU
		{30944186-9130-4EFF-919F-BFA9B1AAB352}.Release|Any CPU.ActiveCfg = Release|Any CPU
		{30944186-9130-4EFF-919F-BFA9B1AAB352}.Release|Any CPU.Build.0 = Release|Any CPU
	EndGlobalSection
	GlobalSection(SolutionProperties) = preSolution
		HideSolutionNode = FALSE
	EndGlobalSection
	GlobalSection(NestedProjects) = preSolution
		{30944186-9130-4EFF-919F-BFA9B1AAB352} = {B5CE4697-11E7-4122-9A15-818016B65BF7}
	EndGlobalSection
	GlobalSection(ExtensibilityGlobals) = postSolution
		SolutionGuid = {360210BE-EB87-493C-AA50-3A1FD2B9FA01}
	EndGlobalSection
EndGlobal
